{
  "name": "color-detector-frontend",
  "lockfileVersion": 2,
  "requires": true,
  "packages": {
    "": {
      "name": "color-detector-frontend",
      "version": "1.0.0",
      "devDependencies": {
        "tailwindcss": "^3.4.1",
        "postcss": "^8.4.35",
        "autoprefixer": "^10.4.17",
        "vite": "^5.2.0",
        "@vitejs/plugin-react": "^4.1.0"
      },
      "dependencies": {
        "react": "^18.2.0",
        "react-dom": "^18.2.0",
        "axios": "^1.6.7"
      }
    },
    "node_modules/tailwindcss": {
      "version": "3.4.1",
      "resolved": "https://registry.npmjs.org/tailwindcss/-/tailwindcss-3.4.1.tgz",
      "integrity": "sha512-...",
      "dev": true
    },
    "node_modules/postcss": {
      "version": "8.4.35",
      "resolved": "https://registry.npmjs.org/postcss/-/postcss-8.4.35.tgz",
      "integrity": "sha512-...",
      "dev": true
    },
    "node_modules/autoprefixer": {
      "version": "10.4.17",
      "resolved": "https://registry.npmjs.org/autoprefixer/-/autoprefixer-10.4.17.tgz",
      "integrity": "sha512-...",
      "dev": true
    },
    "node_modules/vite": {
      "version": "5.2.0",
      "resolved": "https://registry.npmjs.org/vite/-/vite-5.2.0.tgz",
      "integrity": "sha512-...",
      "dev": true
    },
    "node_modules/@vitejs/plugin-react": {
      "version": "4.1.0",
      "resolved": "https://registry.npmjs.org/@vitejs/plugin-react/-/plugin-react-4.1.0.tgz",
      "integrity": "sha512-...",
      "dev": true
    },
    "node_modules/react": {
      "version": "18.2.0",
      "resolved": "https://registry.npmjs.org/react/-/react-18.2.0.tgz",
      "integrity": "sha512-..."
    },
    "node_modules/react-dom": {
      "version": "18.2.0",
      "resolved": "https://registry.npmjs.org/react-dom/-/react-dom-18.2.0.tgz",
      "integrity": "sha512-..."
    },
    "node_modules/axios": {
      "version": "1.6.7",
      "resolved": "https://registry.npmjs.org/axios/-/axios-1.6.7.tgz",
      "integrity": "sha512-..."
    }
  },
  "dependencies": {
    "tailwindcss": {
      "version": "3.4.1",
      "requires": {
        "postcss": ">=8.0.0"
      }
    },
    "postcss": {
      "version": "8.4.35"
    },
    "autoprefixer": {
      "version": "10.4.17"
    },
    "vite": {
      "version": "5.2.0"
    },
    "@vitejs/plugin-react": {
      "version": "4.1.0"
    },
    "react": {
      "version": "18.2.0"
    },
    "react-dom": {
      "version": "18.2.0"
    },
    "axios": {
      "version": "1.6.7"
    }
  }
}
